
Microsoft Visual Studio Solution File, Format Version 11.00
# Visual Studio 2010
Project("{E24C65DC-7377-472B-9ABA-BC803B73C61A}") = "PugChecker", "..\..\..\Web Development\Personal\Wow\PugChecker\", "{9586D383-7962-4C5E-AF12-0A5F1C553BDF}"
	ProjectSection(WebsiteProperties) = preProject
		SccProjectName = ""
		SccAuxPath = ""
		SccLocalPath = ""
		SccProvider = ""
		TargetFrameworkMoniker = ".NETFramework,Version%3Dv4.0"
		Debug.AspNetCompiler.VirtualPath = "/PugChecker"
		Debug.AspNetCompiler.PhysicalPath = "..\..\..\Web Development\Personal\Wow\PugChecker\"
		Debug.AspNetCompiler.TargetPath = "PrecompiledWeb\PugChecker\"
		Debug.AspNetCompiler.Updateable = "true"
		Debug.AspNetCompiler.ForceOverwrite = "true"
		Debug.AspNetCompiler.FixedNames = "false"
		Debug.AspNetCompiler.Debug = "True"
		Release.AspNetCompiler.VirtualPath = "/PugChecker"
		Release.AspNetCompiler.PhysicalPath = "..\..\..\Web Development\Personal\Wow\PugChecker\"
		Release.AspNetCompiler.TargetPath = "PrecompiledWeb\PugChecker\"
		Release.AspNetCompiler.Updateable = "true"
		Release.AspNetCompiler.ForceOverwrite = "true"
		Release.AspNetCompiler.FixedNames = "false"
		Release.AspNetCompiler.Debug = "False"
		VWDPort = "55842"
		DefaultWebSiteLanguage = "Visual C#"
	EndProjectSection
EndProject
Global
	GlobalSection(SubversionScc) = preSolution
		Svn-Managed = True
		Manager = AnkhSVN - Subversion Support for Visual Studio
	EndGlobalSection
	GlobalSection(SolutionConfigurationPlatforms) = preSolution
		Debug|.NET = Debug|.NET
	EndGlobalSection
	GlobalSection(ProjectConfigurationPlatforms) = postSolution
		{9586D383-7962-4C5E-AF12-0A5F1C553BDF}.Debug|.NET.ActiveCfg = Debug|.NET
		{9586D383-7962-4C5E-AF12-0A5F1C553BDF}.Debug|.NET.Build.0 = Debug|.NET
	EndGlobalSection
	GlobalSection(SolutionProperties) = preSolution
		HideSolutionNode = FALSE
	EndGlobalSection
EndGlobal
