
Microsoft Visual Studio Solution File, Format Version 11.00
# Visual Studio 2010
Project("{E24C65DC-7377-472B-9ABA-BC803B73C61A}") = "StatCompare", "..\StatCompare\", "{EC91C777-1C36-472D-BE05-342F89B76918}"
	ProjectSection(WebsiteProperties) = preProject
		TargetFrameworkMoniker = ".NETFramework,Version%3Dv4.0"
		Debug.AspNetCompiler.VirtualPath = "/StatCompare"
		Debug.AspNetCompiler.PhysicalPath = "..\StatCompare\"
		Debug.AspNetCompiler.TargetPath = "PrecompiledWeb\StatCompare\"
		Debug.AspNetCompiler.Updateable = "true"
		Debug.AspNetCompiler.ForceOverwrite = "true"
		Debug.AspNetCompiler.FixedNames = "false"
		Debug.AspNetCompiler.Debug = "True"
		Release.AspNetCompiler.VirtualPath = "/StatCompare"
		Release.AspNetCompiler.PhysicalPath = "..\StatCompare\"
		Release.AspNetCompiler.TargetPath = "PrecompiledWeb\StatCompare\"
		Release.AspNetCompiler.Updateable = "true"
		Release.AspNetCompiler.ForceOverwrite = "true"
		Release.AspNetCompiler.FixedNames = "false"
		Release.AspNetCompiler.Debug = "False"
		VWDPort = "53946"
		DefaultWebSiteLanguage = "Visual C#"
	EndProjectSection
EndProject
Global
	GlobalSection(SolutionConfigurationPlatforms) = preSolution
		Debug|Any CPU = Debug|Any CPU
	EndGlobalSection
	GlobalSection(ProjectConfigurationPlatforms) = postSolution
		{EC91C777-1C36-472D-BE05-342F89B76918}.Debug|Any CPU.ActiveCfg = Debug|Any CPU
		{EC91C777-1C36-472D-BE05-342F89B76918}.Debug|Any CPU.Build.0 = Debug|Any CPU
	EndGlobalSection
	GlobalSection(SolutionProperties) = preSolution
		HideSolutionNode = FALSE
	EndGlobalSection
EndGlobal
